Microsoft Visual Studio Solution File, Format Version 12.00
# Visual Studio 14
VisualStudioVersion = 14.0.25420.1
MinimumVisualStudioVersion = 10.0.40219.1
Project("{CC5FD16D-436D-48AD-A40C-5A424C6E3E79}") = "CMSAzure", "CMSAzure\CMSAzure.ccproj", "{135AC61C-05E7-4EF0-A484-54CD0CF5A358}"
EndProject
Project("{FAE04EC0-301F-11D3-BF4B-00C04F79EFBC}") = "CMSApp", "CMS\CMSApp.csproj", "{BB8817AE-48DF-4672-A1CB-CFB7441B88DA}"
EndProject
Project("{FAE04EC0-301F-11D3-BF4B-00C04F79EFBC}") = "SmartSearchWorker", "SmartSearchWorker\SmartSearchWorker.csproj", "{041066DD-7105-471B-9930-45CFCBCB603B}"
EndProject
Global
	GlobalSection(SolutionConfigurationPlatforms) = preSolution
		Debug|Any CPU = Debug|Any CPU
		Release|Any CPU = Release|Any CPU
	EndGlobalSection
	GlobalSection(ProjectConfigurationPlatforms) = postSolution
		{135AC61C-05E7-4EF0-A484-54CD0CF5A358}.Debug|Any CPU.ActiveCfg = Debug|Any CPU
		{135AC61C-05E7-4EF0-A484-54CD0CF5A358}.Debug|Any CPU.Build.0 = Debug|Any CPU
		{135AC61C-05E7-4EF0-A484-54CD0CF5A358}.Release|Any CPU.ActiveCfg = Release|Any CPU
		{135AC61C-05E7-4EF0-A484-54CD0CF5A358}.Release|Any CPU.Build.0 = Release|Any CPU
		{BB8817AE-48DF-4672-A1CB-CFB7441B88DA}.Debug|Any CPU.ActiveCfg = Debug|Any CPU
		{BB8817AE-48DF-4672-A1CB-CFB7441B88DA}.Debug|Any CPU.Build.0 = Debug|Any CPU
		{BB8817AE-48DF-4672-A1CB-CFB7441B88DA}.Release|Any CPU.ActiveCfg = Release|Any CPU
		{BB8817AE-48DF-4672-A1CB-CFB7441B88DA}.Release|Any CPU.Build.0 = Release|Any CPU
		{041066DD-7105-471B-9930-45CFCBCB603B}.Debug|Any CPU.ActiveCfg = Debug|Any CPU
		{041066DD-7105-471B-9930-45CFCBCB603B}.Debug|Any CPU.Build.0 = Debug|Any CPU
		{041066DD-7105-471B-9930-45CFCBCB603B}.Release|Any CPU.ActiveCfg = Release|Any CPU
		{041066DD-7105-471B-9930-45CFCBCB603B}.Release|Any CPU.Build.0 = Release|Any CPU
	EndGlobalSection
	GlobalSection(SolutionProperties) = preSolution
		HideSolutionNode = FALSE
	EndGlobalSection
EndGlobal

